// !$*UTF8*$!
{
	archiveVersion = 1;
	classes = {
	};
	objectVersion = 46;
	objects = {

/* Begin PBXBuildFile section */
		1F2E82F11D904ED80036270E /* Assets.xcassets in Resources */ = {isa = PBXBuildFile; fileRef = 1F2E82F01D904ED80036270E /* Assets.xcassets */; };
		1F2E82F81D904ED80036270E /* MessagesExtension.appex in Embed App Extensions */ = {isa = PBXBuildFile; fileRef = 1F2E82F71D904ED80036270E /* MessagesExtension.appex */; settings = {ATTRIBUTES = (RemoveHeadersOnCopy, ); }; };
		1F2E82FD1D904ED80036270E /* Messages.framework in Frameworks */ = {isa = PBXBuildFile; fileRef = 1F2E82FC1D904ED80036270E /* Messages.framework */; };
		1F2E83001D904ED80036270E /* MessagesViewController.swift in Sources */ = {isa = PBXBuildFile; fileRef = 1F2E82FF1D904ED80036270E /* MessagesViewController.swift */; };
		1F2E83031D904ED80036270E /* MainInterface.storyboard in Resources */ = {isa = PBXBuildFile; fileRef = 1F2E83011D904ED80036270E /* MainInterface.storyboard */; };
		1F2E83051D904ED80036270E /* Assets.xcassets in Resources */ = {isa = PBXBuildFile; fileRef = 1F2E83041D904ED80036270E /* Assets.xcassets */; };
		1F51DDDF1D9094AE008A71DA /* GoogleService-Info.plist in Resources */ = {isa = PBXBuildFile; fileRef = 1F51DDDE1D9094AE008A71DA /* GoogleService-Info.plist */; };
		1F51DDE01D9094AE008A71DA /* GoogleService-Info.plist in Resources */ = {isa = PBXBuildFile; fileRef = 1F51DDDE1D9094AE008A71DA /* GoogleService-Info.plist */; };
		1FC834B11D906372004F1001 /* dataService.swift in Sources */ = {isa = PBXBuildFile; fileRef = 1FC834B01D906372004F1001 /* dataService.swift */; };
		498771E566CC80DE80519862 /* Pods_iPict.framework in Frameworks */ = {isa = PBXBuildFile; fileRef = F07EBAA6F5C375B16CEB058D /* Pods_iPict.framework */; };
		78656E09115AD4F1280E77E6 /* Pods_MessagesExtension.framework in Frameworks */ = {isa = PBXBuildFile; fileRef = 0600D6391C1A073E8467F20C /* Pods_MessagesExtension.framework */; };
		FA7642FD1D90E2CD00A22754 /* CompressedView.xib in Resources */ = {isa = PBXBuildFile; fileRef = FA7642FC1D90E2CD00A22754 /* CompressedView.xib */; };
		FA7642FF1D90E2D700A22754 /* ExtendedView.xib in Resources */ = {isa = PBXBuildFile; fileRef = FA7642FE1D90E2D700A22754 /* ExtendedView.xib */; };
		FA7643011D90E39800A22754 /* background-design60.png in Resources */ = {isa = PBXBuildFile; fileRef = FA7643001D90E39800A22754 /* background-design60.png */; };
		FA85E6191D9198BA00ED0EBD /* karbon-semibold-webfont copy.ttf in Resources */ = {isa = PBXBuildFile; fileRef = FA85E6181D9198BA00ED0EBD /* karbon-semibold-webfont copy.ttf */; };
		FA85E61A1D9198BA00ED0EBD /* karbon-semibold-webfont copy.ttf in Resources */ = {isa = PBXBuildFile; fileRef = FA85E6181D9198BA00ED0EBD /* karbon-semibold-webfont copy.ttf */; };
		FA85E61C1D919CD000ED0EBD /* ChooseImageView.xib in Resources */ = {isa = PBXBuildFile; fileRef = FA85E61B1D919CD000ED0EBD /* ChooseImageView.xib */; };
		FA85E61D1D919CD000ED0EBD /* ChooseImageView.xib in Resources */ = {isa = PBXBuildFile; fileRef = FA85E61B1D919CD000ED0EBD /* ChooseImageView.xib */; };
/* End PBXBuildFile section */

/* Begin PBXContainerItemProxy section */
		1F2E82F91D904ED80036270E /* PBXContainerItemProxy */ = {
			isa = PBXContainerItemProxy;
			containerPortal = 1F2E82E71D904ED70036270E /* Project object */;
			proxyType = 1;
			remoteGlobalIDString = 1F2E82F61D904ED80036270E;
			remoteInfo = MessagesExtension;
		};
/* End PBXContainerItemProxy section */

/* Begin PBXCopyFilesBuildPhase section */
		1F2E830C1D904ED80036270E /* Embed App Extensions */ = {
			isa = PBXCopyFilesBuildPhase;
			buildActionMask = 2147483647;
			dstPath = "";
			dstSubfolderSpec = 13;
			files = (
				1F2E82F81D904ED80036270E /* MessagesExtension.appex in Embed App Extensions */,
			);
			name = "Embed App Extensions";
			runOnlyForDeploymentPostprocessing = 0;
		};
/* End PBXCopyFilesBuildPhase section */

/* Begin PBXFileReference section */
		0600D6391C1A073E8467F20C /* Pods_MessagesExtension.framework */ = {isa = PBXFileReference; explicitFileType = wrapper.framework; includeInIndex = 0; path = Pods_MessagesExtension.framework; sourceTree = BUILT_PRODUCTS_DIR; };
		1F2E82ED1D904ED70036270E /* iPict.app */ = {isa = PBXFileReference; explicitFileType = wrapper.application; includeInIndex = 0; path = iPict.app; sourceTree = BUILT_PRODUCTS_DIR; };
		1F2E82F01D904ED80036270E /* Assets.xcassets */ = {isa = PBXFileReference; lastKnownFileType = folder.assetcatalog; path = Assets.xcassets; sourceTree = "<group>"; };
		1F2E82F21D904ED80036270E /* Info.plist */ = {isa = PBXFileReference; lastKnownFileType = text.plist.xml; path = Info.plist; sourceTree = "<group>"; };
		1F2E82F71D904ED80036270E /* MessagesExtension.appex */ = {isa = PBXFileReference; explicitFileType = "wrapper.app-extension"; includeInIndex = 0; path = MessagesExtension.appex; sourceTree = BUILT_PRODUCTS_DIR; };
		1F2E82FC1D904ED80036270E /* Messages.framework */ = {isa = PBXFileReference; lastKnownFileType = wrapper.framework; name = Messages.framework; path = System/Library/Frameworks/Messages.framework; sourceTree = SDKROOT; };
		1F2E82FF1D904ED80036270E /* MessagesViewController.swift */ = {isa = PBXFileReference; lastKnownFileType = sourcecode.swift; path = MessagesViewController.swift; sourceTree = "<group>"; };
		1F2E83021D904ED80036270E /* Base */ = {isa = PBXFileReference; lastKnownFileType = file.storyboard; name = Base; path = Base.lproj/MainInterface.storyboard; sourceTree = "<group>"; };
		1F2E83041D904ED80036270E /* Assets.xcassets */ = {isa = PBXFileReference; lastKnownFileType = folder.assetcatalog; path = Assets.xcassets; sourceTree = "<group>"; };
		1F2E83061D904ED80036270E /* Info.plist */ = {isa = PBXFileReference; lastKnownFileType = text.plist.xml; path = Info.plist; sourceTree = "<group>"; };
		1F3DB3B41D90A16E00244EC6 /* MessagesExtension.entitlements */ = {isa = PBXFileReference; lastKnownFileType = text.plist.entitlements; path = MessagesExtension.entitlements; sourceTree = "<group>"; };
		1F51DDDE1D9094AE008A71DA /* GoogleService-Info.plist */ = {isa = PBXFileReference; fileEncoding = 4; lastKnownFileType = text.plist.xml; path = "GoogleService-Info.plist"; sourceTree = "<group>"; };
		1FC834B01D906372004F1001 /* dataService.swift */ = {isa = PBXFileReference; fileEncoding = 4; lastKnownFileType = sourcecode.swift; path = dataService.swift; sourceTree = "<group>"; };
		371B67055CF1A480E24ACD40 /* Pods-MessagesExtension.debug.xcconfig */ = {isa = PBXFileReference; includeInIndex = 1; lastKnownFileType = text.xcconfig; name = "Pods-MessagesExtension.debug.xcconfig"; path = "Pods/Target Support Files/Pods-MessagesExtension/Pods-MessagesExtension.debug.xcconfig"; sourceTree = "<group>"; };
		5BCB9B7A3F53AD5197252E9B /* Pods-iPict.debug.xcconfig */ = {isa = PBXFileReference; includeInIndex = 1; lastKnownFileType = text.xcconfig; name = "Pods-iPict.debug.xcconfig"; path = "Pods/Target Support Files/Pods-iPict/Pods-iPict.debug.xcconfig"; sourceTree = "<group>"; };
		5C613773D35E5284ADA64A35 /* Pods-iPict.release.xcconfig */ = {isa = PBXFileReference; includeInIndex = 1; lastKnownFileType = text.xcconfig; name = "Pods-iPict.release.xcconfig"; path = "Pods/Target Support Files/Pods-iPict/Pods-iPict.release.xcconfig"; sourceTree = "<group>"; };
		B2DFB23C8EEAAB2D80277162 /* Pods-MessagesExtension.release.xcconfig */ = {isa = PBXFileReference; includeInIndex = 1; lastKnownFileType = text.xcconfig; name = "Pods-MessagesExtension.release.xcconfig"; path = "Pods/Target Support Files/Pods-MessagesExtension/Pods-MessagesExtension.release.xcconfig"; sourceTree = "<group>"; };
		F07EBAA6F5C375B16CEB058D /* Pods_iPict.framework */ = {isa = PBXFileReference; explicitFileType = wrapper.framework; includeInIndex = 0; path = Pods_iPict.framework; sourceTree = BUILT_PRODUCTS_DIR; };
		FA7642FC1D90E2CD00A22754 /* CompressedView.xib */ = {isa = PBXFileReference; fileEncoding = 4; lastKnownFileType = file.xib; path = CompressedView.xib; sourceTree = "<group>"; };
		FA7642FE1D90E2D700A22754 /* ExtendedView.xib */ = {isa = PBXFileReference; fileEncoding = 4; lastKnownFileType = file.xib; path = ExtendedView.xib; sourceTree = "<group>"; };
		FA7643001D90E39800A22754 /* background-design60.png */ = {isa = PBXFileReference; lastKnownFileType = image.png; path = "background-design60.png"; sourceTree = "<group>"; };
		FA85E6181D9198BA00ED0EBD /* karbon-semibold-webfont copy.ttf */ = {isa = PBXFileReference; lastKnownFileType = file; name = "karbon-semibold-webfont copy.ttf"; path = "../../karbon-semibold-webfont copy.ttf"; sourceTree = "<group>"; };
		FA85E61B1D919CD000ED0EBD /* ChooseImageView.xib */ = {isa = PBXFileReference; fileEncoding = 4; lastKnownFileType = file.xib; path = ChooseImageView.xib; sourceTree = "<group>"; };
/* End PBXFileReference section */

/* Begin PBXFrameworksBuildPhase section */
		1F2E82F41D904ED80036270E /* Frameworks */ = {
			isa = PBXFrameworksBuildPhase;
			buildActionMask = 2147483647;
			files = (
				1F2E82FD1D904ED80036270E /* Messages.framework in Frameworks */,
				78656E09115AD4F1280E77E6 /* Pods_MessagesExtension.framework in Frameworks */,
			);
			runOnlyForDeploymentPostprocessing = 0;
		};
		AF244FAA7BB2C0B109B1DC35 /* Frameworks */ = {
			isa = PBXFrameworksBuildPhase;
			buildActionMask = 2147483647;
			files = (
				498771E566CC80DE80519862 /* Pods_iPict.framework in Frameworks */,
			);
			runOnlyForDeploymentPostprocessing = 0;
		};
/* End PBXFrameworksBuildPhase section */

/* Begin PBXGroup section */
		1F2E82E61D904ED70036270E = {
			isa = PBXGroup;
			children = (
				1F51DDDE1D9094AE008A71DA /* GoogleService-Info.plist */,
				1F2E82EF1D904ED70036270E /* iPict */,
				1F2E82FE1D904ED80036270E /* MessagesExtension */,
				1F2E82FB1D904ED80036270E /* Frameworks */,
				1F2E82EE1D904ED70036270E /* Products */,
				2EB0DE17B80867EAB7B0738E /* Pods */,
			);
			sourceTree = "<group>";
		};
		1F2E82EE1D904ED70036270E /* Products */ = {
			isa = PBXGroup;
			children = (
				1F2E82ED1D904ED70036270E /* iPict.app */,
				1F2E82F71D904ED80036270E /* MessagesExtension.appex */,
			);
			name = Products;
			sourceTree = "<group>";
		};
		1F2E82EF1D904ED70036270E /* iPict */ = {
			isa = PBXGroup;
			children = (
				1F2E82F01D904ED80036270E /* Assets.xcassets */,
				1F2E82F21D904ED80036270E /* Info.plist */,
			);
			path = iPict;
			sourceTree = "<group>";
		};
		1F2E82FB1D904ED80036270E /* Frameworks */ = {
			isa = PBXGroup;
			children = (
				1F2E82FC1D904ED80036270E /* Messages.framework */,
				0600D6391C1A073E8467F20C /* Pods_MessagesExtension.framework */,
				F07EBAA6F5C375B16CEB058D /* Pods_iPict.framework */,
			);
			name = Frameworks;
			sourceTree = "<group>";
		};
		1F2E82FE1D904ED80036270E /* MessagesExtension */ = {
			isa = PBXGroup;
			children = (
				1F3DB3B41D90A16E00244EC6 /* MessagesExtension.entitlements */,
				FA7643001D90E39800A22754 /* background-design60.png */,
				1F2E82FF1D904ED80036270E /* MessagesViewController.swift */,
				1FC834B01D906372004F1001 /* dataService.swift */,
				1F2E83011D904ED80036270E /* MainInterface.storyboard */,
				FA7642FC1D90E2CD00A22754 /* CompressedView.xib */,
				FA85E6181D9198BA00ED0EBD /* karbon-semibold-webfont copy.ttf */,
				FA7642FE1D90E2D700A22754 /* ExtendedView.xib */,
				1F2E83041D904ED80036270E /* Assets.xcassets */,
				1F2E83061D904ED80036270E /* Info.plist */,
				FA85E61B1D919CD000ED0EBD /* ChooseImageView.xib */,
			);
			path = MessagesExtension;
			sourceTree = "<group>";
		};
		2EB0DE17B80867EAB7B0738E /* Pods */ = {
			isa = PBXGroup;
			children = (
				371B67055CF1A480E24ACD40 /* Pods-MessagesExtension.debug.xcconfig */,
				B2DFB23C8EEAAB2D80277162 /* Pods-MessagesExtension.release.xcconfig */,
				5BCB9B7A3F53AD5197252E9B /* Pods-iPict.debug.xcconfig */,
				5C613773D35E5284ADA64A35 /* Pods-iPict.release.xcconfig */,
			);
			name = Pods;
			sourceTree = "<group>";
		};
/* End PBXGroup section */

/* Begin PBXNativeTarget section */
		1F2E82EC1D904ED70036270E /* iPict */ = {
			isa = PBXNativeTarget;
			buildConfigurationList = 1F2E830D1D904ED80036270E /* Build configuration list for PBXNativeTarget "iPict" */;
			buildPhases = (
				3AE8AF187EA89ADDDB69FA54 /* [CP] Check Pods Manifest.lock */,
				1F2E82EB1D904ED70036270E /* Resources */,
				1F2E830C1D904ED80036270E /* Embed App Extensions */,
				AF244FAA7BB2C0B109B1DC35 /* Frameworks */,
				0BCE5C45A61AA3501F0936A7 /* [CP] Copy Pods Resources */,
			);
			buildRules = (
			);
			dependencies = (
				1F2E82FA1D904ED80036270E /* PBXTargetDependency */,
			);
			name = iPict;
			productName = iPict;
			productReference = 1F2E82ED1D904ED70036270E /* iPict.app */;
			productType = "com.apple.product-type.application.messages";
		};
		1F2E82F61D904ED80036270E /* MessagesExtension */ = {
			isa = PBXNativeTarget;
			buildConfigurationList = 1F2E83091D904ED80036270E /* Build configuration list for PBXNativeTarget "MessagesExtension" */;
			buildPhases = (
				0D6E6760EF90B2CCFA1C3438 /* [CP] Check Pods Manifest.lock */,
				1F2E82F31D904ED80036270E /* Sources */,
				1F2E82F41D904ED80036270E /* Frameworks */,
				1F2E82F51D904ED80036270E /* Resources */,
				38574BC7FBB652B235F1D389 /* [CP] Embed Pods Frameworks */,
				42773E94E734B9E70C854359 /* [CP] Copy Pods Resources */,
				A8DDE8F11D90D58E0044B499 /* Run Script */,
			);
			buildRules = (
			);
			dependencies = (
			);
			name = MessagesExtension;
			productName = MessagesExtension;
			productReference = 1F2E82F71D904ED80036270E /* MessagesExtension.appex */;
			productType = "com.apple.product-type.app-extension.messages";
		};
/* End PBXNativeTarget section */

/* Begin PBXProject section */
		1F2E82E71D904ED70036270E /* Project object */ = {
			isa = PBXProject;
			attributes = {
				LastSwiftUpdateCheck = 0800;
				LastUpgradeCheck = 0800;
				ORGANIZATIONNAME = iPict;
				TargetAttributes = {
					1F2E82EC1D904ED70036270E = {
						CreatedOnToolsVersion = 8.0;
						DevelopmentTeam = D7RX9G9DPB;
						ProvisioningStyle = Manual;
					};
					1F2E82F61D904ED80036270E = {
						CreatedOnToolsVersion = 8.0;
						DevelopmentTeam = D7RX9G9DPB;
						ProvisioningStyle = Manual;
						SystemCapabilities = {
							com.apple.Keychain = {
								enabled = 1;
							};
						};
					};
				};
			};
			buildConfigurationList = 1F2E82EA1D904ED70036270E /* Build configuration list for PBXProject "iPict" */;
			compatibilityVersion = "Xcode 3.2";
			developmentRegion = English;
			hasScannedForEncodings = 0;
			knownRegions = (
				en,
				Base,
			);
			mainGroup = 1F2E82E61D904ED70036270E;
			productRefGroup = 1F2E82EE1D904ED70036270E /* Products */;
			projectDirPath = "";
			projectRoot = "";
			targets = (
				1F2E82EC1D904ED70036270E /* iPict */,
				1F2E82F61D904ED80036270E /* MessagesExtension */,
			);
		};
/* End PBXProject section */

/* Begin PBXResourcesBuildPhase section */
		1F2E82EB1D904ED70036270E /* Resources */ = {
			isa = PBXResourcesBuildPhase;
			buildActionMask = 2147483647;
			files = (
				FA85E6191D9198BA00ED0EBD /* karbon-semibold-webfont copy.ttf in Resources */,
				1F2E82F11D904ED80036270E /* Assets.xcassets in Resources */,
				1F51DDDF1D9094AE008A71DA /* GoogleService-Info.plist in Resources */,
				FA85E61C1D919CD000ED0EBD /* ChooseImageView.xib in Resources */,
			);
			runOnlyForDeploymentPostprocessing = 0;
		};
		1F2E82F51D904ED80036270E /* Resources */ = {
			isa = PBXResourcesBuildPhase;
			buildActionMask = 2147483647;
			files = (
				FA7642FF1D90E2D700A22754 /* ExtendedView.xib in Resources */,
				FA85E61A1D9198BA00ED0EBD /* karbon-semibold-webfont copy.ttf in Resources */,
				1F2E83051D904ED80036270E /* Assets.xcassets in Resources */,
				FA85E61D1D919CD000ED0EBD /* ChooseImageView.xib in Resources */,
				1F2E83031D904ED80036270E /* MainInterface.storyboard in Resources */,
				1F51DDE01D9094AE008A71DA /* GoogleService-Info.plist in Resources */,
				FA7642FD1D90E2CD00A22754 /* CompressedView.xib in Resources */,
				FA7643011D90E39800A22754 /* background-design60.png in Resources */,
			);
			runOnlyForDeploymentPostprocessing = 0;
		};
/* End PBXResourcesBuildPhase section */

/* Begin PBXShellScriptBuildPhase section */
		0BCE5C45A61AA3501F0936A7 /* [CP] Copy Pods Resources */ = {
			isa = PBXShellScriptBuildPhase;
			buildActionMask = 2147483647;
			files = (
			);
			inputPaths = (
			);
			name = "[CP] Copy Pods Resources";
			outputPaths = (
			);
			runOnlyForDeploymentPostprocessing = 0;
			shellPath = /bin/sh;
			shellScript = "\"${SRCROOT}/Pods/Target Support Files/Pods-iPict/Pods-iPict-resources.sh\"\n";
			showEnvVarsInLog = 0;
		};
		0D6E6760EF90B2CCFA1C3438 /* [CP] Check Pods Manifest.lock */ = {
			isa = PBXShellScriptBuildPhase;
			buildActionMask = 2147483647;
			files = (
			);
			inputPaths = (
			);
			name = "[CP] Check Pods Manifest.lock";
			outputPaths = (
			);
			runOnlyForDeploymentPostprocessing = 0;
			shellPath = /bin/sh;
			shellScript = "diff \"${PODS_ROOT}/../Podfile.lock\" \"${PODS_ROOT}/Manifest.lock\" > /dev/null\nif [ $? != 0 ] ; then\n    # print error to STDERR\n    echo \"error: The sandbox is not in sync with the Podfile.lock. Run 'pod install' or update your CocoaPods installation.\" >&2\n    exit 1\nfi\n";
			showEnvVarsInLog = 0;
		};
		38574BC7FBB652B235F1D389 /* [CP] Embed Pods Frameworks */ = {
			isa = PBXShellScriptBuildPhase;
			buildActionMask = 2147483647;
			files = (
			);
			inputPaths = (
			);
			name = "[CP] Embed Pods Frameworks";
			outputPaths = (
			);
			runOnlyForDeploymentPostprocessing = 0;
			shellPath = /bin/sh;
			shellScript = "\"${SRCROOT}/Pods/Target Support Files/Pods-MessagesExtension/Pods-MessagesExtension-frameworks.sh\"\n";
			showEnvVarsInLog = 0;
		};
		3AE8AF187EA89ADDDB69FA54 /* [CP] Check Pods Manifest.lock */ = {
			isa = PBXShellScriptBuildPhase;
			buildActionMask = 2147483647;
			files = (
			);
			inputPaths = (
			);
			name = "[CP] Check Pods Manifest.lock";
			outputPaths = (
			);
			runOnlyForDeploymentPostprocessing = 0;
			shellPath = /bin/sh;
			shellScript = "diff \"${PODS_ROOT}/../Podfile.lock\" \"${PODS_ROOT}/Manifest.lock\" > /dev/null\nif [ $? != 0 ] ; then\n    # print error to STDERR\n    echo \"error: The sandbox is not in sync with the Podfile.lock. Run 'pod install' or update your CocoaPods installation.\" >&2\n    exit 1\nfi\n";
			showEnvVarsInLog = 0;
		};
		42773E94E734B9E70C854359 /* [CP] Copy Pods Resources */ = {
			isa = PBXShellScriptBuildPhase;
			buildActionMask = 2147483647;
			files = (
			);
			inputPaths = (
			);
			name = "[CP] Copy Pods Resources";
			outputPaths = (
			);
			runOnlyForDeploymentPostprocessing = 0;
			shellPath = /bin/sh;
			shellScript = "\"${SRCROOT}/Pods/Target Support Files/Pods-MessagesExtension/Pods-MessagesExtension-resources.sh\"\n";
			showEnvVarsInLog = 0;
		};
		A8DDE8F11D90D58E0044B499 /* Run Script */ = {
			isa = PBXShellScriptBuildPhase;
			buildActionMask = 2147483647;
			files = (
			);
			inputPaths = (
			);
			name = "Run Script";
			outputPaths = (
			);
			runOnlyForDeploymentPostprocessing = 0;
			shellPath = /bin/sh;
			shellScript = "cd \"${CONFIGURATION_BUILD_DIR}/${UNLOCALIZED_RESOURCES_FOLDER_PATH}/\"\nif [[ -d \"Frameworks\" ]]; then\nrm -fr Frameworks\nfi";
		};
/* End PBXShellScriptBuildPhase section */

/* Begin PBXSourcesBuildPhase section */
		1F2E82F31D904ED80036270E /* Sources */ = {
			isa = PBXSourcesBuildPhase;
			buildActionMask = 2147483647;
			files = (
				1FC834B11D906372004F1001 /* dataService.swift in Sources */,
				1F2E83001D904ED80036270E /* MessagesViewController.swift in Sources */,
			);
			runOnlyForDeploymentPostprocessing = 0;
		};
/* End PBXSourcesBuildPhase section */

/* Begin PBXTargetDependency section */
		1F2E82FA1D904ED80036270E /* PBXTargetDependency */ = {
			isa = PBXTargetDependency;
			target = 1F2E82F61D904ED80036270E /* MessagesExtension */;
			targetProxy = 1F2E82F91D904ED80036270E /* PBXContainerItemProxy */;
		};
/* End PBXTargetDependency section */

/* Begin PBXVariantGroup section */
		1F2E83011D904ED80036270E /* MainInterface.storyboard */ = {
			isa = PBXVariantGroup;
			children = (
				1F2E83021D904ED80036270E /* Base */,
			);
			name = MainInterface.storyboard;
			sourceTree = "<group>";
		};
/* End PBXVariantGroup section */

/* Begin XCBuildConfiguration section */
		1F2E83071D904ED80036270E /* Debug */ = {
			isa = XCBuildConfiguration;
			buildSettings = {
				ALWAYS_SEARCH_USER_PATHS = NO;
				CLANG_ANALYZER_NONNULL = YES;
				CLANG_CXX_LANGUAGE_STANDARD = "gnu++0x";
				CLANG_CXX_LIBRARY = "libc++";
				CLANG_ENABLE_MODULES = YES;
				CLANG_ENABLE_OBJC_ARC = YES;
				CLANG_WARN_BOOL_CONVERSION = YES;
				CLANG_WARN_CONSTANT_CONVERSION = YES;
				CLANG_WARN_DIRECT_OBJC_ISA_USAGE = YES_ERROR;
				CLANG_WARN_DOCUMENTATION_COMMENTS = YES;
				CLANG_WARN_EMPTY_BODY = YES;
				CLANG_WARN_ENUM_CONVERSION = YES;
				CLANG_WARN_INFINITE_RECURSION = YES;
				CLANG_WARN_INT_CONVERSION = YES;
				CLANG_WARN_OBJC_ROOT_CLASS = YES_ERROR;
				CLANG_WARN_SUSPICIOUS_MOVE = YES;
				CLANG_WARN_SUSPICIOUS_MOVES = YES;
				CLANG_WARN_UNREACHABLE_CODE = YES;
				CLANG_WARN__DUPLICATE_METHOD_MATCH = YES;
				"CODE_SIGN_IDENTITY[sdk=iphoneos*]" = "iPhone Developer";
				COPY_PHASE_STRIP = NO;
				DEBUG_INFORMATION_FORMAT = dwarf;
				ENABLE_STRICT_OBJC_MSGSEND = YES;
				ENABLE_TESTABILITY = YES;
				GCC_C_LANGUAGE_STANDARD = gnu99;
				GCC_DYNAMIC_NO_PIC = NO;
				GCC_NO_COMMON_BLOCKS = YES;
				GCC_OPTIMIZATION_LEVEL = 0;
				GCC_PREPROCESSOR_DEFINITIONS = (
					"DEBUG=1",
					"$(inherited)",
				);
				GCC_WARN_64_TO_32_BIT_CONVERSION = YES;
				GCC_WARN_ABOUT_RETURN_TYPE = YES_ERROR;
				GCC_WARN_UNDECLARED_SELECTOR = YES;
				GCC_WARN_UNINITIALIZED_AUTOS = YES_AGGRESSIVE;
				GCC_WARN_UNUSED_FUNCTION = YES;
				GCC_WARN_UNUSED_VARIABLE = YES;
				IPHONEOS_DEPLOYMENT_TARGET = 10.0;
				MTL_ENABLE_DEBUG_INFO = YES;
				ONLY_ACTIVE_ARCH = YES;
				SDKROOT = iphoneos;
				SWIFT_ACTIVE_COMPILATION_CONDITIONS = DEBUG;
				SWIFT_OPTIMIZATION_LEVEL = "-Onone";
			};
			name = Debug;
		};
		1F2E83081D904ED80036270E /* Release */ = {
			isa = XCBuildConfiguration;
			buildSettings = {
				ALWAYS_SEARCH_USER_PATHS = NO;
				CLANG_ANALYZER_NONNULL = YES;
				CLANG_CXX_LANGUAGE_STANDARD = "gnu++0x";
				CLANG_CXX_LIBRARY = "libc++";
				CLANG_ENABLE_MODULES = YES;
				CLANG_ENABLE_OBJC_ARC = YES;
				CLANG_WARN_BOOL_CONVERSION = YES;
				CLANG_WARN_CONSTANT_CONVERSION = YES;
				CLANG_WARN_DIRECT_OBJC_ISA_USAGE = YES_ERROR;
				CLANG_WARN_DOCUMENTATION_COMMENTS = YES;
				CLANG_WARN_EMPTY_BODY = YES;
				CLANG_WARN_ENUM_CONVERSION = YES;
				CLANG_WARN_INFINITE_RECURSION = YES;
				CLANG_WARN_INT_CONVERSION = YES;
				CLANG_WARN_OBJC_ROOT_CLASS = YES_ERROR;
				CLANG_WARN_SUSPICIOUS_MOVE = YES;
				CLANG_WARN_SUSPICIOUS_MOVES = YES;
				CLANG_WARN_UNREACHABLE_CODE = YES;
				CLANG_WARN__DUPLICATE_METHOD_MATCH = YES;
				"CODE_SIGN_IDENTITY[sdk=iphoneos*]" = "iPhone Developer";
				COPY_PHASE_STRIP = NO;
				DEBUG_INFORMATION_FORMAT = "dwarf-with-dsym";
				ENABLE_NS_ASSERTIONS = NO;
				ENABLE_STRICT_OBJC_MSGSEND = YES;
				GCC_C_LANGUAGE_STANDARD = gnu99;
				GCC_NO_COMMON_BLOCKS = YES;
				GCC_WARN_64_TO_32_BIT_CONVERSION = YES;
				GCC_WARN_ABOUT_RETURN_TYPE = YES_ERROR;
				GCC_WARN_UNDECLARED_SELECTOR = YES;
				GCC_WARN_UNINITIALIZED_AUTOS = YES_AGGRESSIVE;
				GCC_WARN_UNUSED_FUNCTION = YES;
				GCC_WARN_UNUSED_VARIABLE = YES;
				IPHONEOS_DEPLOYMENT_TARGET = 10.0;
				MTL_ENABLE_DEBUG_INFO = NO;
				SDKROOT = iphoneos;
				SWIFT_OPTIMIZATION_LEVEL = "-Owholemodule";
				VALIDATE_PRODUCT = YES;
			};
			name = Release;
		};
		1F2E830A1D904ED80036270E /* Debug */ = {
			isa = XCBuildConfiguration;
			baseConfigurationReference = 371B67055CF1A480E24ACD40 /* Pods-MessagesExtension.debug.xcconfig */;
			buildSettings = {
				ASSETCATALOG_COMPILER_APPICON_NAME = "iMessage App Icon";
				CODE_SIGN_ENTITLEMENTS = MessagesExtension/MessagesExtension.entitlements;
				"CODE_SIGN_IDENTITY[sdk=iphoneos*]" = "iPhone Distribution";
				DEVELOPMENT_TEAM = D7RX9G9DPB;
				INFOPLIST_FILE = MessagesExtension/Info.plist;
				LD_RUNPATH_SEARCH_PATHS = "$(inherited) @executable_path/Frameworks @executable_path/../../Frameworks";
				PRODUCT_BUNDLE_IDENTIFIER = com.app.ipict.extension;
				PRODUCT_NAME = "$(TARGET_NAME)";
				PROVISIONING_PROFILE = "53bcae27-9e5a-4706-957f-8dc57e48340b";
				PROVISIONING_PROFILE_SPECIFIER = "ipict extension";
				SKIP_INSTALL = YES;
				SWIFT_VERSION = 3.0;
			};
			name = Debug;
		};
		1F2E830B1D904ED80036270E /* Release */ = {
			isa = XCBuildConfiguration;
			baseConfigurationReference = B2DFB23C8EEAAB2D80277162 /* Pods-MessagesExtension.release.xcconfig */;
			buildSettings = {
				ASSETCATALOG_COMPILER_APPICON_NAME = "iMessage App Icon";
				CODE_SIGN_ENTITLEMENTS = MessagesExtension/MessagesExtension.entitlements;
				"CODE_SIGN_IDENTITY[sdk=iphoneos*]" = "iPhone Distribution";
				DEVELOPMENT_TEAM = D7RX9G9DPB;
				INFOPLIST_FILE = MessagesExtension/Info.plist;
				LD_RUNPATH_SEARCH_PATHS = "$(inherited) @executable_path/Frameworks @executable_path/../../Frameworks";
				PRODUCT_BUNDLE_IDENTIFIER = com.app.ipict.extension;
				PRODUCT_NAME = "$(TARGET_NAME)";
				PROVISIONING_PROFILE = "53bcae27-9e5a-4706-957f-8dc57e48340b";
				PROVISIONING_PROFILE_SPECIFIER = "ipict extension";
				SKIP_INSTALL = YES;
				SWIFT_VERSION = 3.0;
			};
			name = Release;
		};
		1F2E830E1D904ED80036270E /* Debug */ = {
			isa = XCBuildConfiguration;
			baseConfigurationReference = 5BCB9B7A3F53AD5197252E9B /* Pods-iPict.debug.xcconfig */;
			buildSettings = {
				ALWAYS_EMBED_SWIFT_STANDARD_LIBRARIES = YES;
				ASSETCATALOG_COMPILER_APPICON_NAME = AppIcon;
				"CODE_SIGN_IDENTITY[sdk=iphoneos*]" = "iPhone Distribution";
				DEVELOPMENT_TEAM = D7RX9G9DPB;
				INFOPLIST_FILE = iPict/Info.plist;
				PRODUCT_BUNDLE_IDENTIFIER = com.app.ipict;
				PRODUCT_NAME = "$(TARGET_NAME)";
				PROVISIONING_PROFILE = "933060d1-ab14-4b23-911f-20cade6075c7";
				PROVISIONING_PROFILE_SPECIFIER = ipict;
				SWIFT_VERSION = 3.0;
				TARGETED_DEVICE_FAMILY = "1,2";
			};
			name = Debug;
		};
		1F2E830F1D904ED80036270E /* Release */ = {
			isa = XCBuildConfiguration;
			baseConfigurationReference = 5C613773D35E5284ADA64A35 /* Pods-iPict.release.xcconfig */;
			buildSettings = {
				ALWAYS_EMBED_SWIFT_STANDARD_LIBRARIES = YES;
				ASSETCATALOG_COMPILER_APPICON_NAME = AppIcon;
				"CODE_SIGN_IDENTITY[sdk=iphoneos*]" = "iPhone Distribution";
				DEVELOPMENT_TEAM = D7RX9G9DPB;
				INFOPLIST_FILE = iPict/Info.plist;
				PRODUCT_BUNDLE_IDENTIFIER = com.app.ipict;
				PRODUCT_NAME = "$(TARGET_NAME)";
				PROVISIONING_PROFILE = "933060d1-ab14-4b23-911f-20cade6075c7";
				PROVISIONING_PROFILE_SPECIFIER = ipict;
				SWIFT_VERSION = 3.0;
				TARGETED_DEVICE_FAMILY = "1,2";
			};
			name = Release;
		};
/* End XCBuildConfiguration section */

/* Begin XCConfigurationList section */
		1F2E82EA1D904ED70036270E /* Build configuration list for PBXProject "iPict" */ = {
			isa = XCConfigurationList;
			buildConfigurations = (
				1F2E83071D904ED80036270E /* Debug */,
				1F2E83081D904ED80036270E /* Release */,
			);
			defaultConfigurationIsVisible = 0;
			defaultConfigurationName = Release;
		};
		1F2E83091D904ED80036270E /* Build configuration list for PBXNativeTarget "MessagesExtension" */ = {
			isa = XCConfigurationList;
			buildConfigurations = (
				1F2E830A1D904ED80036270E /* Debug */,
				1F2E830B1D904ED80036270E /* Release */,
			);
			defaultConfigurationIsVisible = 0;
			defaultConfigurationName = Release;
		};
		1F2E830D1D904ED80036270E /* Build configuration list for PBXNativeTarget "iPict" */ = {
			isa = XCConfigurationList;
			buildConfigurations = (
				1F2E830E1D904ED80036270E /* Debug */,
				1F2E830F1D904ED80036270E /* Release */,
			);
			defaultConfigurationIsVisible = 0;
			defaultConfigurationName = Release;
		};
/* End XCConfigurationList section */
	};
	rootObject = 1F2E82E71D904ED70036270E /* Project object */;
}
